
Microsoft Visual Studio Solution File, Format Version 12.00
# Visual Studio Version 17
VisualStudioVersion = 17.1.32414.318
MinimumVisualStudioVersion = 10.0.40219.1
Project("{FAE04EC0-301F-11D3-BF4B-00C04F79EFBC}") = "Catalog.API", "Catalog.API\Catalog.API.csproj", "{1CD66C35-8DA7-4E54-95C3-EB444DF6294E}"
EndProject
Global
	GlobalSection(SolutionConfigurationPlatforms) = preSolution
		Debug|Any CPU = Debug|Any CPU
		Release|Any CPU = Release|Any CPU
	EndGlobalSection
	GlobalSection(ProjectConfigurationPlatforms) = postSolution
		{1CD66C35-8DA7-4E54-95C3-EB444DF6294E}.Debug|Any CPU.ActiveCfg = Debug|Any CPU
		{1CD66C35-8DA7-4E54-95C3-EB444DF6294E}.Debug|Any CPU.Build.0 = Debug|Any CPU
		{1CD66C35-8DA7-4E54-95C3-EB444DF6294E}.Release|Any CPU.ActiveCfg = Release|Any CPU
		{1CD66C35-8DA7-4E54-95C3-EB444DF6294E}.Release|Any CPU.Build.0 = Release|Any CPU
	EndGlobalSection
	GlobalSection(SolutionProperties) = preSolution
		HideSolutionNode = FALSE
	EndGlobalSection
	GlobalSection(ExtensibilityGlobals) = postSolution
		SolutionGuid = {614EEB36-FB61-4E46-A1FE-F4A53FD85642}
	EndGlobalSection
EndGlobal
